
Microsoft Visual Studio Solution File, Format Version 12.00
# Visual Studio Version 17
VisualStudioVersion = 17.13.35931.197 d17.13
MinimumVisualStudioVersion = 10.0.40219.1
Project("{FAE04EC0-301F-11D3-BF4B-00C04F79EFBC}") = "SeminarioIA", "SeminarioIA.csproj", "{A926C61B-90EC-446B-9F83-B7B467B8E182}"
EndProject
Global
	GlobalSection(SolutionConfigurationPlatforms) = preSolution
		Debug|Any CPU = Debug|Any CPU
		Release|Any CPU = Release|Any CPU
	EndGlobalSection
	GlobalSection(ProjectConfigurationPlatforms) = postSolution
		{A926C61B-90EC-446B-9F83-B7B467B8E182}.Debug|Any CPU.ActiveCfg = Debug|Any CPU
		{A926C61B-90EC-446B-9F83-B7B467B8E182}.Debug|Any CPU.Build.0 = Debug|Any CPU
		{A926C61B-90EC-446B-9F83-B7B467B8E182}.Release|Any CPU.ActiveCfg = Release|Any CPU
		{A926C61B-90EC-446B-9F83-B7B467B8E182}.Release|Any CPU.Build.0 = Release|Any CPU
	EndGlobalSection
	GlobalSection(SolutionProperties) = preSolution
		HideSolutionNode = FALSE
	EndGlobalSection
	GlobalSection(ExtensibilityGlobals) = postSolution
		SolutionGuid = {C0F6CA0A-8ACC-4E60-AD18-C396CB43D188}
	EndGlobalSection
EndGlobal
